// !$*UTF8*$!
{
	archiveVersion = 1;
	classes = {
	};
	objectVersion = 50;
	objects = {

/* Begin PBXBuildFile section */
		1FC07C6A2428A32B009D7D94 /* main.swift in Sources */ = {isa = PBXBuildFile; fileRef = 1FC07C692428A32B009D7D94 /* main.swift */; };
		1FC07C782428A3A9009D7D94 /* NodeHelper.swift in Sources */ = {isa = PBXBuildFile; fileRef = 1FC07C772428A3A9009D7D94 /* NodeHelper.swift */; };
		1FC07C7A2428A3D2009D7D94 /* Solution876.swift in Sources */ = {isa = PBXBuildFile; fileRef = 1FC07C792428A3D2009D7D94 /* Solution876.swift */; };
		1FC07C7C2428AAA8009D7D94 /* Solution2.swift in Sources */ = {isa = PBXBuildFile; fileRef = 1FC07C7B2428AAA8009D7D94 /* Solution2.swift */; };
		1FC07C9624307BAB009D7D94 /* Solution674.swift in Sources */ = {isa = PBXBuildFile; fileRef = 1FC07C9524307BAB009D7D94 /* Solution674.swift */; };
		1FC07C9B24307DBD009D7D94 /* Solution70.swift in Sources */ = {isa = PBXBuildFile; fileRef = 1FC07C9A24307DBD009D7D94 /* Solution70.swift */; };
		1FC07C9D24308178009D7D94 /* Solution509.swift in Sources */ = {isa = PBXBuildFile; fileRef = 1FC07C9C24308178009D7D94 /* Solution509.swift */; };
/* End PBXBuildFile section */

/* Begin PBXCopyFilesBuildPhase section */
		1FC07C642428A32B009D7D94 /* CopyFiles */ = {
			isa = PBXCopyFilesBuildPhase;
			buildActionMask = 2147483647;
			dstPath = /usr/share/man/man1/;
			dstSubfolderSpec = 0;
			files = (
			);
			runOnlyForDeploymentPostprocessing = 1;
		};
/* End PBXCopyFilesBuildPhase section */

/* Begin PBXFileReference section */
		1FC07C662428A32B009D7D94 /* Leetcode_Swift */ = {isa = PBXFileReference; explicitFileType = "compiled.mach-o.executable"; includeInIndex = 0; path = Leetcode_Swift; sourceTree = BUILT_PRODUCTS_DIR; };
		1FC07C692428A32B009D7D94 /* main.swift */ = {isa = PBXFileReference; lastKnownFileType = sourcecode.swift; path = main.swift; sourceTree = "<group>"; };
		1FC07C772428A3A9009D7D94 /* NodeHelper.swift */ = {isa = PBXFileReference; lastKnownFileType = sourcecode.swift; path = NodeHelper.swift; sourceTree = "<group>"; };
		1FC07C792428A3D2009D7D94 /* Solution876.swift */ = {isa = PBXFileReference; lastKnownFileType = sourcecode.swift; path = Solution876.swift; sourceTree = "<group>"; };
		1FC07C7B2428AAA8009D7D94 /* Solution2.swift */ = {isa = PBXFileReference; lastKnownFileType = sourcecode.swift; path = Solution2.swift; sourceTree = "<group>"; };
		1FC07C9524307BAB009D7D94 /* Solution674.swift */ = {isa = PBXFileReference; lastKnownFileType = sourcecode.swift; path = Solution674.swift; sourceTree = "<group>"; };
		1FC07C9A24307DBD009D7D94 /* Solution70.swift */ = {isa = PBXFileReference; lastKnownFileType = sourcecode.swift; path = Solution70.swift; sourceTree = "<group>"; };
		1FC07C9C24308178009D7D94 /* Solution509.swift */ = {isa = PBXFileReference; lastKnownFileType = sourcecode.swift; path = Solution509.swift; sourceTree = "<group>"; };
/* End PBXFileReference section */

/* Begin PBXFrameworksBuildPhase section */
		1FC07C632428A32B009D7D94 /* Frameworks */ = {
			isa = PBXFrameworksBuildPhase;
			buildActionMask = 2147483647;
			files = (
			);
			runOnlyForDeploymentPostprocessing = 0;
		};
/* End PBXFrameworksBuildPhase section */

/* Begin PBXGroup section */
		1FC07C5D2428A32B009D7D94 = {
			isa = PBXGroup;
			children = (
				1FC07C682428A32B009D7D94 /* Leetcode_Swift */,
				1FC07C672428A32B009D7D94 /* Products */,
			);
			sourceTree = "<group>";
		};
		1FC07C672428A32B009D7D94 /* Products */ = {
			isa = PBXGroup;
			children = (
				1FC07C662428A32B009D7D94 /* Leetcode_Swift */,
			);
			name = Products;
			sourceTree = "<group>";
		};
		1FC07C682428A32B009D7D94 /* Leetcode_Swift */ = {
			isa = PBXGroup;
			children = (
				1FC07C692428A32B009D7D94 /* main.swift */,
				1FC07C772428A3A9009D7D94 /* NodeHelper.swift */,
				1FC07C7B2428AAA8009D7D94 /* Solution2.swift */,
				1FC07C792428A3D2009D7D94 /* Solution876.swift */,
				1FC07C9524307BAB009D7D94 /* Solution674.swift */,
				1FC07C9A24307DBD009D7D94 /* Solution70.swift */,
				1FC07C9C24308178009D7D94 /* Solution509.swift */,
			);
			path = Leetcode_Swift;
			sourceTree = "<group>";
		};
/* End PBXGroup section */

/* Begin PBXNativeTarget section */
		1FC07C652428A32B009D7D94 /* Leetcode_Swift */ = {
			isa = PBXNativeTarget;
			buildConfigurationList = 1FC07C6D2428A32B009D7D94 /* Build configuration list for PBXNativeTarget "Leetcode_Swift" */;
			buildPhases = (
				1FC07C622428A32B009D7D94 /* Sources */,
				1FC07C632428A32B009D7D94 /* Frameworks */,
				1FC07C642428A32B009D7D94 /* CopyFiles */,
			);
			buildRules = (
			);
			dependencies = (
			);
			name = Leetcode_Swift;
			productName = Leetcode_Swift;
			productReference = 1FC07C662428A32B009D7D94 /* Leetcode_Swift */;
			productType = "com.apple.product-type.tool";
		};
/* End PBXNativeTarget section */

/* Begin PBXProject section */
		1FC07C5E2428A32B009D7D94 /* Project object */ = {
			isa = PBXProject;
			attributes = {
				LastSwiftUpdateCheck = 1130;
				LastUpgradeCheck = 1130;
				ORGANIZATIONNAME = chenwei;
				TargetAttributes = {
					1FC07C652428A32B009D7D94 = {
						CreatedOnToolsVersion = 11.3.1;
					};
				};
			};
			buildConfigurationList = 1FC07C612428A32B009D7D94 /* Build configuration list for PBXProject "Leetcode_Swift" */;
			compatibilityVersion = "Xcode 9.3";
			developmentRegion = en;
			hasScannedForEncodings = 0;
			knownRegions = (
				en,
				Base,
			);
			mainGroup = 1FC07C5D2428A32B009D7D94;
			productRefGroup = 1FC07C672428A32B009D7D94 /* Products */;
			projectDirPath = "";
			projectRoot = "";
			targets = (
				1FC07C652428A32B009D7D94 /* Leetcode_Swift */,
			);
		};
/* End PBXProject section */

/* Begin PBXSourcesBuildPhase section */
		1FC07C622428A32B009D7D94 /* Sources */ = {
			isa = PBXSourcesBuildPhase;
			buildActionMask = 2147483647;
			files = (
				1FC07C7A2428A3D2009D7D94 /* Solution876.swift in Sources */,
				1FC07C9624307BAB009D7D94 /* Solution674.swift in Sources */,
				1FC07C7C2428AAA8009D7D94 /* Solution2.swift in Sources */,
				1FC07C9D24308178009D7D94 /* Solution509.swift in Sources */,
				1FC07C9B24307DBD009D7D94 /* Solution70.swift in Sources */,
				1FC07C6A2428A32B009D7D94 /* main.swift in Sources */,
				1FC07C782428A3A9009D7D94 /* NodeHelper.swift in Sources */,
			);
			runOnlyForDeploymentPostprocessing = 0;
		};
/* End PBXSourcesBuildPhase section */

/* Begin XCBuildConfiguration section */
		1FC07C6B2428A32B009D7D94 /* Debug */ = {
			isa = XCBuildConfiguration;
			buildSettings = {
				ALWAYS_SEARCH_USER_PATHS = NO;
				CLANG_ANALYZER_NONNULL = YES;
				CLANG_ANALYZER_NUMBER_OBJECT_CONVERSION = YES_AGGRESSIVE;
				CLANG_CXX_LANGUAGE_STANDARD = "gnu++14";
				CLANG_CXX_LIBRARY = "libc++";
				CLANG_ENABLE_MODULES = YES;
				CLANG_ENABLE_OBJC_ARC = YES;
				CLANG_ENABLE_OBJC_WEAK = YES;
				CLANG_WARN_BLOCK_CAPTURE_AUTORELEASING = YES;
				CLANG_WARN_BOOL_CONVERSION = YES;
				CLANG_WARN_COMMA = YES;
				CLANG_WARN_CONSTANT_CONVERSION = YES;
				CLANG_WARN_DEPRECATED_OBJC_IMPLEMENTATIONS = YES;
				CLANG_WARN_DIRECT_OBJC_ISA_USAGE = YES_ERROR;
				CLANG_WARN_DOCUMENTATION_COMMENTS = YES;
				CLANG_WARN_EMPTY_BODY = YES;
				CLANG_WARN_ENUM_CONVERSION = YES;
				CLANG_WARN_INFINITE_RECURSION = YES;
				CLANG_WARN_INT_CONVERSION = YES;
				CLANG_WARN_NON_LITERAL_NULL_CONVERSION = YES;
				CLANG_WARN_OBJC_IMPLICIT_RETAIN_SELF = YES;
				CLANG_WARN_OBJC_LITERAL_CONVERSION = YES;
				CLANG_WARN_OBJC_ROOT_CLASS = YES_ERROR;
				CLANG_WARN_RANGE_LOOP_ANALYSIS = YES;
				CLANG_WARN_STRICT_PROTOTYPES = YES;
				CLANG_WARN_SUSPICIOUS_MOVE = YES;
				CLANG_WARN_UNGUARDED_AVAILABILITY = YES_AGGRESSIVE;
				CLANG_WARN_UNREACHABLE_CODE = YES;
				CLANG_WARN__DUPLICATE_METHOD_MATCH = YES;
				COPY_PHASE_STRIP = NO;
				DEBUG_INFORMATION_FORMAT = dwarf;
				ENABLE_STRICT_OBJC_MSGSEND = YES;
				ENABLE_TESTABILITY = YES;
				GCC_C_LANGUAGE_STANDARD = gnu11;
				GCC_DYNAMIC_NO_PIC = NO;
				GCC_NO_COMMON_BLOCKS = YES;
				GCC_OPTIMIZATION_LEVEL = 0;
				GCC_PREPROCESSOR_DEFINITIONS = (
					"DEBUG=1",
					"$(inherited)",
				);
				GCC_WARN_64_TO_32_BIT_CONVERSION = YES;
				GCC_WARN_ABOUT_RETURN_TYPE = YES_ERROR;
				GCC_WARN_UNDECLARED_SELECTOR = YES;
				GCC_WARN_UNINITIALIZED_AUTOS = YES_AGGRESSIVE;
				GCC_WARN_UNUSED_FUNCTION = YES;
				GCC_WARN_UNUSED_VARIABLE = YES;
				MACOSX_DEPLOYMENT_TARGET = 10.15;
				MTL_ENABLE_DEBUG_INFO = INCLUDE_SOURCE;
				MTL_FAST_MATH = YES;
				ONLY_ACTIVE_ARCH = YES;
				SDKROOT = macosx;
				SWIFT_ACTIVE_COMPILATION_CONDITIONS = DEBUG;
				SWIFT_OPTIMIZATION_LEVEL = "-Onone";
			};
			name = Debug;
		};
		1FC07C6C2428A32B009D7D94 /* Release */ = {
			isa = XCBuildConfiguration;
			buildSettings = {
				ALWAYS_SEARCH_USER_PATHS = NO;
				CLANG_ANALYZER_NONNULL = YES;
				CLANG_ANALYZER_NUMBER_OBJECT_CONVERSION = YES_AGGRESSIVE;
				CLANG_CXX_LANGUAGE_STANDARD = "gnu++14";
				CLANG_CXX_LIBRARY = "libc++";
				CLANG_ENABLE_MODULES = YES;
				CLANG_ENABLE_OBJC_ARC = YES;
				CLANG_ENABLE_OBJC_WEAK = YES;
				CLANG_WARN_BLOCK_CAPTURE_AUTORELEASING = YES;
				CLANG_WARN_BOOL_CONVERSION = YES;
				CLANG_WARN_COMMA = YES;
				CLANG_WARN_CONSTANT_CONVERSION = YES;
				CLANG_WARN_DEPRECATED_OBJC_IMPLEMENTATIONS = YES;
				CLANG_WARN_DIRECT_OBJC_ISA_USAGE = YES_ERROR;
				CLANG_WARN_DOCUMENTATION_COMMENTS = YES;
				CLANG_WARN_EMPTY_BODY = YES;
				CLANG_WARN_ENUM_CONVERSION = YES;
				CLANG_WARN_INFINITE_RECURSION = YES;
				CLANG_WARN_INT_CONVERSION = YES;
				CLANG_WARN_NON_LITERAL_NULL_CONVERSION = YES;
				CLANG_WARN_OBJC_IMPLICIT_RETAIN_SELF = YES;
				CLANG_WARN_OBJC_LITERAL_CONVERSION = YES;
				CLANG_WARN_OBJC_ROOT_CLASS = YES_ERROR;
				CLANG_WARN_RANGE_LOOP_ANALYSIS = YES;
				CLANG_WARN_STRICT_PROTOTYPES = YES;
				CLANG_WARN_SUSPICIOUS_MOVE = YES;
				CLANG_WARN_UNGUARDED_AVAILABILITY = YES_AGGRESSIVE;
				CLANG_WARN_UNREACHABLE_CODE = YES;
				CLANG_WARN__DUPLICATE_METHOD_MATCH = YES;
				COPY_PHASE_STRIP = NO;
				DEBUG_INFORMATION_FORMAT = "dwarf-with-dsym";
				ENABLE_NS_ASSERTIONS = NO;
				ENABLE_STRICT_OBJC_MSGSEND = YES;
				GCC_C_LANGUAGE_STANDARD = gnu11;
				GCC_NO_COMMON_BLOCKS = YES;
				GCC_WARN_64_TO_32_BIT_CONVERSION = YES;
				GCC_WARN_ABOUT_RETURN_TYPE = YES_ERROR;
				GCC_WARN_UNDECLARED_SELECTOR = YES;
				GCC_WARN_UNINITIALIZED_AUTOS = YES_AGGRESSIVE;
				GCC_WARN_UNUSED_FUNCTION = YES;
				GCC_WARN_UNUSED_VARIABLE = YES;
				MACOSX_DEPLOYMENT_TARGET = 10.15;
				MTL_ENABLE_DEBUG_INFO = NO;
				MTL_FAST_MATH = YES;
				SDKROOT = macosx;
				SWIFT_COMPILATION_MODE = wholemodule;
				SWIFT_OPTIMIZATION_LEVEL = "-O";
			};
			name = Release;
		};
		1FC07C6E2428A32B009D7D94 /* Debug */ = {
			isa = XCBuildConfiguration;
			buildSettings = {
				CODE_SIGN_STYLE = Automatic;
				PRODUCT_NAME = "$(TARGET_NAME)";
				SWIFT_VERSION = 5.0;
			};
			name = Debug;
		};
		1FC07C6F2428A32B009D7D94 /* Release */ = {
			isa = XCBuildConfiguration;
			buildSettings = {
				CODE_SIGN_STYLE = Automatic;
				PRODUCT_NAME = "$(TARGET_NAME)";
				SWIFT_VERSION = 5.0;
			};
			name = Release;
		};
/* End XCBuildConfiguration section */

/* Begin XCConfigurationList section */
		1FC07C612428A32B009D7D94 /* Build configuration list for PBXProject "Leetcode_Swift" */ = {
			isa = XCConfigurationList;
			buildConfigurations = (
				1FC07C6B2428A32B009D7D94 /* Debug */,
				1FC07C6C2428A32B009D7D94 /* Release */,
			);
			defaultConfigurationIsVisible = 0;
			defaultConfigurationName = Release;
		};
		1FC07C6D2428A32B009D7D94 /* Build configuration list for PBXNativeTarget "Leetcode_Swift" */ = {
			isa = XCConfigurationList;
			buildConfigurations = (
				1FC07C6E2428A32B009D7D94 /* Debug */,
				1FC07C6F2428A32B009D7D94 /* Release */,
			);
			defaultConfigurationIsVisible = 0;
			defaultConfigurationName = Release;
		};
/* End XCConfigurationList section */
	};
	rootObject = 1FC07C5E2428A32B009D7D94 /* Project object */;
}
